
Microsoft Visual Studio Solution File, Format Version 12.00
# Visual Studio Version 16
VisualStudioVersion = 16.0.31424.327
MinimumVisualStudioVersion = 10.0.40219.1
Project("{FAE04EC0-301F-11D3-BF4B-00C04F79EFBC}") = "FoodOrder", "FoodOrder\FoodOrder.csproj", "{680B526D-4494-42F8-9363-FB0965351C79}"
EndProject
Project("{FAE04EC0-301F-11D3-BF4B-00C04F79EFBC}") = "DataAccessLibrary", "DataAccessLibrary\DataAccessLibrary.csproj", "{D556FAE1-4678-4F00-B473-ECD229B7DAA1}"
EndProject
Global
	GlobalSection(SolutionConfigurationPlatforms) = preSolution
		Debug|Any CPU = Debug|Any CPU
		Release|Any CPU = Release|Any CPU
	EndGlobalSection
	GlobalSection(ProjectConfigurationPlatforms) = postSolution
		{680B526D-4494-42F8-9363-FB0965351C79}.Debug|Any CPU.ActiveCfg = Debug|Any CPU
		{680B526D-4494-42F8-9363-FB0965351C79}.Debug|Any CPU.Build.0 = Debug|Any CPU
		{680B526D-4494-42F8-9363-FB0965351C79}.Release|Any CPU.ActiveCfg = Release|Any CPU
		{680B526D-4494-42F8-9363-FB0965351C79}.Release|Any CPU.Build.0 = Release|Any CPU
		{D556FAE1-4678-4F00-B473-ECD229B7DAA1}.Debug|Any CPU.ActiveCfg = Debug|Any CPU
		{D556FAE1-4678-4F00-B473-ECD229B7DAA1}.Debug|Any CPU.Build.0 = Debug|Any CPU
		{D556FAE1-4678-4F00-B473-ECD229B7DAA1}.Release|Any CPU.ActiveCfg = Release|Any CPU
		{D556FAE1-4678-4F00-B473-ECD229B7DAA1}.Release|Any CPU.Build.0 = Release|Any CPU
	EndGlobalSection
	GlobalSection(SolutionProperties) = preSolution
		HideSolutionNode = FALSE
	EndGlobalSection
	GlobalSection(ExtensibilityGlobals) = postSolution
		SolutionGuid = {05DFC748-CC81-49B3-ADA6-7E49C0197CAB}
	EndGlobalSection
EndGlobal
